
Microsoft Visual Studio Solution File, Format Version 12.00
# Visual Studio Version 16
VisualStudioVersion = 16.0.28922.388
MinimumVisualStudioVersion = 10.0.40219.1
Project("{9A19103F-16F7-4668-BE54-9A1E7A4F7556}") = "GLEngineMobile", "GLEngineMobile\GLEngineMobile.csproj", "{C088BE32-0661-48B2-A7DD-9EF88AD70EB9}"
EndProject
Project("{9A19103F-16F7-4668-BE54-9A1E7A4F7556}") = "LoggerService", "LoggerService\LoggerService.csproj", "{3DC9078A-EC4A-4253-A6FC-FD157C815CD1}"
EndProject
Project("{FAE04EC0-301F-11D3-BF4B-00C04F79EFBC}") = "SpaceDemo", "SpaceDemo\SpaceDemo.csproj", "{67BD578D-0B15-4FBC-B1BD-F9C3DD6E23CA}"
EndProject
Project("{FAE04EC0-301F-11D3-BF4B-00C04F79EFBC}") = "LabyrinthDemo", "LabyrinthDemo\LabyrinthDemo.csproj", "{E083685B-5206-4205-A43F-DB5491091314}"
EndProject
Global
	GlobalSection(SolutionConfigurationPlatforms) = preSolution
		Debug|Any CPU = Debug|Any CPU
		Release|Any CPU = Release|Any CPU
	EndGlobalSection
	GlobalSection(ProjectConfigurationPlatforms) = postSolution
		{C088BE32-0661-48B2-A7DD-9EF88AD70EB9}.Debug|Any CPU.ActiveCfg = Debug|Any CPU
		{C088BE32-0661-48B2-A7DD-9EF88AD70EB9}.Debug|Any CPU.Build.0 = Debug|Any CPU
		{C088BE32-0661-48B2-A7DD-9EF88AD70EB9}.Release|Any CPU.ActiveCfg = Release|Any CPU
		{C088BE32-0661-48B2-A7DD-9EF88AD70EB9}.Release|Any CPU.Build.0 = Release|Any CPU
		{3DC9078A-EC4A-4253-A6FC-FD157C815CD1}.Debug|Any CPU.ActiveCfg = Debug|Any CPU
		{3DC9078A-EC4A-4253-A6FC-FD157C815CD1}.Debug|Any CPU.Build.0 = Debug|Any CPU
		{3DC9078A-EC4A-4253-A6FC-FD157C815CD1}.Release|Any CPU.ActiveCfg = Release|Any CPU
		{3DC9078A-EC4A-4253-A6FC-FD157C815CD1}.Release|Any CPU.Build.0 = Release|Any CPU
		{67BD578D-0B15-4FBC-B1BD-F9C3DD6E23CA}.Debug|Any CPU.ActiveCfg = Debug|Any CPU
		{67BD578D-0B15-4FBC-B1BD-F9C3DD6E23CA}.Debug|Any CPU.Build.0 = Debug|Any CPU
		{67BD578D-0B15-4FBC-B1BD-F9C3DD6E23CA}.Debug|Any CPU.Deploy.0 = Debug|Any CPU
		{67BD578D-0B15-4FBC-B1BD-F9C3DD6E23CA}.Release|Any CPU.ActiveCfg = Release|Any CPU
		{67BD578D-0B15-4FBC-B1BD-F9C3DD6E23CA}.Release|Any CPU.Build.0 = Release|Any CPU
		{67BD578D-0B15-4FBC-B1BD-F9C3DD6E23CA}.Release|Any CPU.Deploy.0 = Release|Any CPU
		{E083685B-5206-4205-A43F-DB5491091314}.Debug|Any CPU.ActiveCfg = Debug|Any CPU
		{E083685B-5206-4205-A43F-DB5491091314}.Debug|Any CPU.Build.0 = Debug|Any CPU
		{E083685B-5206-4205-A43F-DB5491091314}.Debug|Any CPU.Deploy.0 = Debug|Any CPU
		{E083685B-5206-4205-A43F-DB5491091314}.Release|Any CPU.ActiveCfg = Release|Any CPU
		{E083685B-5206-4205-A43F-DB5491091314}.Release|Any CPU.Build.0 = Release|Any CPU
		{E083685B-5206-4205-A43F-DB5491091314}.Release|Any CPU.Deploy.0 = Release|Any CPU
	EndGlobalSection
	GlobalSection(SolutionProperties) = preSolution
		HideSolutionNode = FALSE
	EndGlobalSection
	GlobalSection(ExtensibilityGlobals) = postSolution
		SolutionGuid = {9B512E88-6C9F-4EC9-9CE0-D0EBB30139D3}
	EndGlobalSection
EndGlobal
